// !$*UTF8*$!
{
	archiveVersion = 1;
	classes = {
	};
	objectVersion = 46;
	objects = {

/* Begin PBXBuildFile section */
		ED4E010614AD2DC40006E9F5 /* UIKit.framework in Frameworks */ = {isa = PBXBuildFile; fileRef = ED4E010514AD2DC40006E9F5 /* UIKit.framework */; };
		ED4E010814AD2DC40006E9F5 /* Foundation.framework in Frameworks */ = {isa = PBXBuildFile; fileRef = ED4E010714AD2DC40006E9F5 /* Foundation.framework */; };
		ED4E010A14AD2DC50006E9F5 /* CoreGraphics.framework in Frameworks */ = {isa = PBXBuildFile; fileRef = ED4E010914AD2DC50006E9F5 /* CoreGraphics.framework */; };
		ED4E011014AD2DC50006E9F5 /* InfoPlist.strings in Resources */ = {isa = PBXBuildFile; fileRef = ED4E010E14AD2DC50006E9F5 /* InfoPlist.strings */; };
		ED4E011214AD2DC50006E9F5 /* main.m in Sources */ = {isa = PBXBuildFile; fileRef = ED4E011114AD2DC50006E9F5 /* main.m */; };
		ED4E011614AD2DC50006E9F5 /* AppDelegate.m in Sources */ = {isa = PBXBuildFile; fileRef = ED4E011514AD2DC50006E9F5 /* AppDelegate.m */; };
		ED4E011914AD2DC50006E9F5 /* ViewController.m in Sources */ = {isa = PBXBuildFile; fileRef = ED4E011814AD2DC50006E9F5 /* ViewController.m */; };
		ED4E011C14AD2DC50006E9F5 /* ViewController.xib in Resources */ = {isa = PBXBuildFile; fileRef = ED4E011A14AD2DC50006E9F5 /* ViewController.xib */; };
		ED4E013D14AD2E000006E9F5 /* JGAlbumTrackTableViewCell.m in Sources */ = {isa = PBXBuildFile; fileRef = ED4E012514AD2E000006E9F5 /* JGAlbumTrackTableViewCell.m */; };
		ED4E013E14AD2E000006E9F5 /* JGAlbumViewController.m in Sources */ = {isa = PBXBuildFile; fileRef = ED4E012714AD2E000006E9F5 /* JGAlbumViewController.m */; };
		ED4E013F14AD2E000006E9F5 /* JGMediaPickerController.m in Sources */ = {isa = PBXBuildFile; fileRef = ED4E012914AD2E000006E9F5 /* JGMediaPickerController.m */; };
		ED4E014014AD2E000006E9F5 /* JGMediaQueryViewController.m in Sources */ = {isa = PBXBuildFile; fileRef = ED4E012B14AD2E000006E9F5 /* JGMediaQueryViewController.m */; };
		ED4E014114AD2E000006E9F5 /* MPMediaItem+JGExtensions.m in Sources */ = {isa = PBXBuildFile; fileRef = ED4E012D14AD2E000006E9F5 /* MPMediaItem+JGExtensions.m */; };
		ED4E014214AD2E000006E9F5 /* MPMediaItemCollection+JGExtensions.m in Sources */ = {isa = PBXBuildFile; fileRef = ED4E012F14AD2E000006E9F5 /* MPMediaItemCollection+JGExtensions.m */; };
		ED4E014314AD2E000006E9F5 /* AlbumArtPlaceholder.png in Resources */ = {isa = PBXBuildFile; fileRef = ED4E013114AD2E000006E9F5 /* AlbumArtPlaceholder.png */; };
		ED4E014414AD2E000006E9F5 /* AlbumArtPlaceholder@2x.png in Resources */ = {isa = PBXBuildFile; fileRef = ED4E013214AD2E000006E9F5 /* AlbumArtPlaceholder@2x.png */; };
		ED4E014514AD2E000006E9F5 /* AlbumArtPlaceholderLarge.png in Resources */ = {isa = PBXBuildFile; fileRef = ED4E013314AD2E000006E9F5 /* AlbumArtPlaceholderLarge.png */; };
		ED4E014614AD2E000006E9F5 /* AlbumArtPlaceholderLarge@2x.png in Resources */ = {isa = PBXBuildFile; fileRef = ED4E013414AD2E000006E9F5 /* AlbumArtPlaceholderLarge@2x.png */; };
		ED4E014914AD2E000006E9F5 /* Albums.png in Resources */ = {isa = PBXBuildFile; fileRef = ED4E013714AD2E000006E9F5 /* Albums.png */; };
		ED4E014A14AD2E000006E9F5 /* Albums@2x.png in Resources */ = {isa = PBXBuildFile; fileRef = ED4E013814AD2E000006E9F5 /* Albums@2x.png */; };
		ED4E014B14AD2E000006E9F5 /* JGAlbumTrackTableViewCell.xib in Resources */ = {isa = PBXBuildFile; fileRef = ED4E013A14AD2E000006E9F5 /* JGAlbumTrackTableViewCell.xib */; };
		ED4E014C14AD2E000006E9F5 /* JGAlbumViewController.xib in Resources */ = {isa = PBXBuildFile; fileRef = ED4E013B14AD2E000006E9F5 /* JGAlbumViewController.xib */; };
		ED4E014D14AD2E000006E9F5 /* JGMediaQueryViewController.xib in Resources */ = {isa = PBXBuildFile; fileRef = ED4E013C14AD2E000006E9F5 /* JGMediaQueryViewController.xib */; };
		ED4E014F14AD2E4B0006E9F5 /* MediaPlayer.framework in Frameworks */ = {isa = PBXBuildFile; fileRef = ED4E014E14AD2E4B0006E9F5 /* MediaPlayer.framework */; };
		ED4E015214AE4B0E0006E9F5 /* MPMediaPlaylist+JGExtensions.m in Sources */ = {isa = PBXBuildFile; fileRef = ED4E015114AE4B0E0006E9F5 /* MPMediaPlaylist+JGExtensions.m */; };
		ED4E015814AE4EC20006E9F5 /* Playlists@2x.png in Resources */ = {isa = PBXBuildFile; fileRef = ED4E015714AE4EC20006E9F5 /* Playlists@2x.png */; };
		ED4E015B14AE53A90006E9F5 /* Songs.png in Resources */ = {isa = PBXBuildFile; fileRef = ED4E015914AE53A90006E9F5 /* Songs.png */; };
		ED4E015C14AE53A90006E9F5 /* Songs@2x.png in Resources */ = {isa = PBXBuildFile; fileRef = ED4E015A14AE53A90006E9F5 /* Songs@2x.png */; };
		ED4E015F14AE53EB0006E9F5 /* Artists.png in Resources */ = {isa = PBXBuildFile; fileRef = ED4E015D14AE53EB0006E9F5 /* Artists.png */; };
		ED4E016014AE53EB0006E9F5 /* Artists@2x.png in Resources */ = {isa = PBXBuildFile; fileRef = ED4E015E14AE53EB0006E9F5 /* Artists@2x.png */; };
		ED4E016214AE54610006E9F5 /* Playlists.png in Resources */ = {isa = PBXBuildFile; fileRef = ED4E016114AE54610006E9F5 /* Playlists.png */; };
/* End PBXBuildFile section */

/* Begin PBXFileReference section */
		ED4E010114AD2DC40006E9F5 /* JGMediaPickerDemo.app */ = {isa = PBXFileReference; explicitFileType = wrapper.application; includeInIndex = 0; path = JGMediaPickerDemo.app; sourceTree = BUILT_PRODUCTS_DIR; };
		ED4E010514AD2DC40006E9F5 /* UIKit.framework */ = {isa = PBXFileReference; lastKnownFileType = wrapper.framework; name = UIKit.framework; path = System/Library/Frameworks/UIKit.framework; sourceTree = SDKROOT; };
		ED4E010714AD2DC40006E9F5 /* Foundation.framework */ = {isa = PBXFileReference; lastKnownFileType = wrapper.framework; name = Foundation.framework; path = System/Library/Frameworks/Foundation.framework; sourceTree = SDKROOT; };
		ED4E010914AD2DC50006E9F5 /* CoreGraphics.framework */ = {isa = PBXFileReference; lastKnownFileType = wrapper.framework; name = CoreGraphics.framework; path = System/Library/Frameworks/CoreGraphics.framework; sourceTree = SDKROOT; };
		ED4E010D14AD2DC50006E9F5 /* JGMediaPickerDemo-Info.plist */ = {isa = PBXFileReference; lastKnownFileType = text.plist.xml; path = "JGMediaPickerDemo-Info.plist"; sourceTree = "<group>"; };
		ED4E010F14AD2DC50006E9F5 /* en */ = {isa = PBXFileReference; lastKnownFileType = text.plist.strings; name = en; path = en.lproj/InfoPlist.strings; sourceTree = "<group>"; };
		ED4E011114AD2DC50006E9F5 /* main.m */ = {isa = PBXFileReference; lastKnownFileType = sourcecode.c.objc; path = main.m; sourceTree = "<group>"; };
		ED4E011314AD2DC50006E9F5 /* JGMediaPickerDemo-Prefix.pch */ = {isa = PBXFileReference; lastKnownFileType = sourcecode.c.h; path = "JGMediaPickerDemo-Prefix.pch"; sourceTree = "<group>"; };
		ED4E011414AD2DC50006E9F5 /* AppDelegate.h */ = {isa = PBXFileReference; lastKnownFileType = sourcecode.c.h; path = AppDelegate.h; sourceTree = "<group>"; };
		ED4E011514AD2DC50006E9F5 /* AppDelegate.m */ = {isa = PBXFileReference; lastKnownFileType = sourcecode.c.objc; path = AppDelegate.m; sourceTree = "<group>"; };
		ED4E011714AD2DC50006E9F5 /* ViewController.h */ = {isa = PBXFileReference; lastKnownFileType = sourcecode.c.h; path = ViewController.h; sourceTree = "<group>"; };
		ED4E011814AD2DC50006E9F5 /* ViewController.m */ = {isa = PBXFileReference; lastKnownFileType = sourcecode.c.objc; path = ViewController.m; sourceTree = "<group>"; };
		ED4E011B14AD2DC50006E9F5 /* en */ = {isa = PBXFileReference; lastKnownFileType = file.xib; name = en; path = en.lproj/ViewController.xib; sourceTree = "<group>"; };
		ED4E012414AD2E000006E9F5 /* JGAlbumTrackTableViewCell.h */ = {isa = PBXFileReference; fileEncoding = 4; lastKnownFileType = sourcecode.c.h; path = JGAlbumTrackTableViewCell.h; sourceTree = "<group>"; };
		ED4E012514AD2E000006E9F5 /* JGAlbumTrackTableViewCell.m */ = {isa = PBXFileReference; fileEncoding = 4; lastKnownFileType = sourcecode.c.objc; path = JGAlbumTrackTableViewCell.m; sourceTree = "<group>"; };
		ED4E012614AD2E000006E9F5 /* JGAlbumViewController.h */ = {isa = PBXFileReference; fileEncoding = 4; lastKnownFileType = sourcecode.c.h; path = JGAlbumViewController.h; sourceTree = "<group>"; };
		ED4E012714AD2E000006E9F5 /* JGAlbumViewController.m */ = {isa = PBXFileReference; fileEncoding = 4; lastKnownFileType = sourcecode.c.objc; path = JGAlbumViewController.m; sourceTree = "<group>"; };
		ED4E012814AD2E000006E9F5 /* JGMediaPickerController.h */ = {isa = PBXFileReference; fileEncoding = 4; lastKnownFileType = sourcecode.c.h; path = JGMediaPickerController.h; sourceTree = "<group>"; };
		ED4E012914AD2E000006E9F5 /* JGMediaPickerController.m */ = {isa = PBXFileReference; fileEncoding = 4; lastKnownFileType = sourcecode.c.objc; path = JGMediaPickerController.m; sourceTree = "<group>"; };
		ED4E012A14AD2E000006E9F5 /* JGMediaQueryViewController.h */ = {isa = PBXFileReference; fileEncoding = 4; lastKnownFileType = sourcecode.c.h; path = JGMediaQueryViewController.h; sourceTree = "<group>"; };
		ED4E012B14AD2E000006E9F5 /* JGMediaQueryViewController.m */ = {isa = PBXFileReference; fileEncoding = 4; lastKnownFileType = sourcecode.c.objc; path = JGMediaQueryViewController.m; sourceTree = "<group>"; };
		ED4E012C14AD2E000006E9F5 /* MPMediaItem+JGExtensions.h */ = {isa = PBXFileReference; fileEncoding = 4; lastKnownFileType = sourcecode.c.h; path = "MPMediaItem+JGExtensions.h"; sourceTree = "<group>"; };
		ED4E012D14AD2E000006E9F5 /* MPMediaItem+JGExtensions.m */ = {isa = PBXFileReference; fileEncoding = 4; lastKnownFileType = sourcecode.c.objc; path = "MPMediaItem+JGExtensions.m"; sourceTree = "<group>"; };
		ED4E012E14AD2E000006E9F5 /* MPMediaItemCollection+JGExtensions.h */ = {isa = PBXFileReference; fileEncoding = 4; lastKnownFileType = sourcecode.c.h; path = "MPMediaItemCollection+JGExtensions.h"; sourceTree = "<group>"; };
		ED4E012F14AD2E000006E9F5 /* MPMediaItemCollection+JGExtensions.m */ = {isa = PBXFileReference; fileEncoding = 4; lastKnownFileType = sourcecode.c.objc; path = "MPMediaItemCollection+JGExtensions.m"; sourceTree = "<group>"; };
		ED4E013114AD2E000006E9F5 /* AlbumArtPlaceholder.png */ = {isa = PBXFileReference; lastKnownFileType = image.png; path = AlbumArtPlaceholder.png; sourceTree = "<group>"; };
		ED4E013214AD2E000006E9F5 /* AlbumArtPlaceholder@2x.png */ = {isa = PBXFileReference; lastKnownFileType = image.png; path = "AlbumArtPlaceholder@2x.png"; sourceTree = "<group>"; };
		ED4E013314AD2E000006E9F5 /* AlbumArtPlaceholderLarge.png */ = {isa = PBXFileReference; lastKnownFileType = image.png; path = AlbumArtPlaceholderLarge.png; sourceTree = "<group>"; };
		ED4E013414AD2E000006E9F5 /* AlbumArtPlaceholderLarge@2x.png */ = {isa = PBXFileReference; lastKnownFileType = image.png; path = "AlbumArtPlaceholderLarge@2x.png"; sourceTree = "<group>"; };
		ED4E013714AD2E000006E9F5 /* Albums.png */ = {isa = PBXFileReference; lastKnownFileType = image.png; path = Albums.png; sourceTree = "<group>"; };
		ED4E013814AD2E000006E9F5 /* Albums@2x.png */ = {isa = PBXFileReference; lastKnownFileType = image.png; path = "Albums@2x.png"; sourceTree = "<group>"; };
		ED4E013A14AD2E000006E9F5 /* JGAlbumTrackTableViewCell.xib */ = {isa = PBXFileReference; fileEncoding = 4; lastKnownFileType = file.xib; path = JGAlbumTrackTableViewCell.xib; sourceTree = "<group>"; };
		ED4E013B14AD2E000006E9F5 /* JGAlbumViewController.xib */ = {isa = PBXFileReference; fileEncoding = 4; lastKnownFileType = file.xib; path = JGAlbumViewController.xib; sourceTree = "<group>"; };
		ED4E013C14AD2E000006E9F5 /* JGMediaQueryViewController.xib */ = {isa = PBXFileReference; fileEncoding = 4; lastKnownFileType = file.xib; path = JGMediaQueryViewController.xib; sourceTree = "<group>"; };
		ED4E014E14AD2E4B0006E9F5 /* MediaPlayer.framework */ = {isa = PBXFileReference; lastKnownFileType = wrapper.framework; name = MediaPlayer.framework; path = System/Library/Frameworks/MediaPlayer.framework; sourceTree = SDKROOT; };
		ED4E015014AE4B0E0006E9F5 /* MPMediaPlaylist+JGExtensions.h */ = {isa = PBXFileReference; fileEncoding = 4; lastKnownFileType = sourcecode.c.h; path = "MPMediaPlaylist+JGExtensions.h"; sourceTree = "<group>"; };
		ED4E015114AE4B0E0006E9F5 /* MPMediaPlaylist+JGExtensions.m */ = {isa = PBXFileReference; fileEncoding = 4; lastKnownFileType = sourcecode.c.objc; path = "MPMediaPlaylist+JGExtensions.m"; sourceTree = "<group>"; };
		ED4E015714AE4EC20006E9F5 /* Playlists@2x.png */ = {isa = PBXFileReference; lastKnownFileType = image.png; path = "Playlists@2x.png"; sourceTree = "<group>"; };
		ED4E015914AE53A90006E9F5 /* Songs.png */ = {isa = PBXFileReference; lastKnownFileType = image.png; path = Songs.png; sourceTree = "<group>"; };
		ED4E015A14AE53A90006E9F5 /* Songs@2x.png */ = {isa = PBXFileReference; lastKnownFileType = image.png; path = "Songs@2x.png"; sourceTree = "<group>"; };
		ED4E015D14AE53EB0006E9F5 /* Artists.png */ = {isa = PBXFileReference; lastKnownFileType = image.png; path = Artists.png; sourceTree = "<group>"; };
		ED4E015E14AE53EB0006E9F5 /* Artists@2x.png */ = {isa = PBXFileReference; lastKnownFileType = image.png; path = "Artists@2x.png"; sourceTree = "<group>"; };
		ED4E016114AE54610006E9F5 /* Playlists.png */ = {isa = PBXFileReference; lastKnownFileType = image.png; path = Playlists.png; sourceTree = "<group>"; };
/* End PBXFileReference section */

/* Begin PBXFrameworksBuildPhase section */
		ED4E00FE14AD2DC40006E9F5 /* Frameworks */ = {
			isa = PBXFrameworksBuildPhase;
			buildActionMask = 2147483647;
			files = (
				ED4E014F14AD2E4B0006E9F5 /* MediaPlayer.framework in Frameworks */,
				ED4E010614AD2DC40006E9F5 /* UIKit.framework in Frameworks */,
				ED4E010814AD2DC40006E9F5 /* Foundation.framework in Frameworks */,
				ED4E010A14AD2DC50006E9F5 /* CoreGraphics.framework in Frameworks */,
			);
			runOnlyForDeploymentPostprocessing = 0;
		};
/* End PBXFrameworksBuildPhase section */

/* Begin PBXGroup section */
		ED4E00F614AD2DC40006E9F5 = {
			isa = PBXGroup;
			children = (
				ED4E010B14AD2DC50006E9F5 /* JGMediaPickerDemo */,
				ED4E010414AD2DC40006E9F5 /* Frameworks */,
				ED4E010214AD2DC40006E9F5 /* Products */,
			);
			sourceTree = "<group>";
		};
		ED4E010214AD2DC40006E9F5 /* Products */ = {
			isa = PBXGroup;
			children = (
				ED4E010114AD2DC40006E9F5 /* JGMediaPickerDemo.app */,
			);
			name = Products;
			sourceTree = "<group>";
		};
		ED4E010414AD2DC40006E9F5 /* Frameworks */ = {
			isa = PBXGroup;
			children = (
				ED4E014E14AD2E4B0006E9F5 /* MediaPlayer.framework */,
				ED4E010514AD2DC40006E9F5 /* UIKit.framework */,
				ED4E010714AD2DC40006E9F5 /* Foundation.framework */,
				ED4E010914AD2DC50006E9F5 /* CoreGraphics.framework */,
			);
			name = Frameworks;
			sourceTree = "<group>";
		};
		ED4E010B14AD2DC50006E9F5 /* JGMediaPickerDemo */ = {
			isa = PBXGroup;
			children = (
				ED4E011414AD2DC50006E9F5 /* AppDelegate.h */,
				ED4E011514AD2DC50006E9F5 /* AppDelegate.m */,
				ED4E011714AD2DC50006E9F5 /* ViewController.h */,
				ED4E011814AD2DC50006E9F5 /* ViewController.m */,
				ED4E011A14AD2DC50006E9F5 /* ViewController.xib */,
				ED4E012214AD2E000006E9F5 /* JGMediaPicker */,
				ED4E010C14AD2DC50006E9F5 /* Supporting Files */,
			);
			path = JGMediaPickerDemo;
			sourceTree = "<group>";
		};
		ED4E010C14AD2DC50006E9F5 /* Supporting Files */ = {
			isa = PBXGroup;
			children = (
				ED4E010D14AD2DC50006E9F5 /* JGMediaPickerDemo-Info.plist */,
				ED4E010E14AD2DC50006E9F5 /* InfoPlist.strings */,
				ED4E011114AD2DC50006E9F5 /* main.m */,
				ED4E011314AD2DC50006E9F5 /* JGMediaPickerDemo-Prefix.pch */,
			);
			name = "Supporting Files";
			sourceTree = "<group>";
		};
		ED4E012214AD2E000006E9F5 /* JGMediaPicker */ = {
			isa = PBXGroup;
			children = (
				ED4E012314AD2E000006E9F5 /* Classes */,
				ED4E013014AD2E000006E9F5 /* Images */,
				ED4E013914AD2E000006E9F5 /* Nibs */,
			);
			path = JGMediaPicker;
			sourceTree = SOURCE_ROOT;
		};
		ED4E012314AD2E000006E9F5 /* Classes */ = {
			isa = PBXGroup;
			children = (
				ED4E012814AD2E000006E9F5 /* JGMediaPickerController.h */,
				ED4E012914AD2E000006E9F5 /* JGMediaPickerController.m */,
				ED4E012414AD2E000006E9F5 /* JGAlbumTrackTableViewCell.h */,
				ED4E012514AD2E000006E9F5 /* JGAlbumTrackTableViewCell.m */,
				ED4E012614AD2E000006E9F5 /* JGAlbumViewController.h */,
				ED4E012714AD2E000006E9F5 /* JGAlbumViewController.m */,
				ED4E012A14AD2E000006E9F5 /* JGMediaQueryViewController.h */,
				ED4E012B14AD2E000006E9F5 /* JGMediaQueryViewController.m */,
				ED4E012C14AD2E000006E9F5 /* MPMediaItem+JGExtensions.h */,
				ED4E012D14AD2E000006E9F5 /* MPMediaItem+JGExtensions.m */,
				ED4E012E14AD2E000006E9F5 /* MPMediaItemCollection+JGExtensions.h */,
				ED4E012F14AD2E000006E9F5 /* MPMediaItemCollection+JGExtensions.m */,
				ED4E015014AE4B0E0006E9F5 /* MPMediaPlaylist+JGExtensions.h */,
				ED4E015114AE4B0E0006E9F5 /* MPMediaPlaylist+JGExtensions.m */,
			);
			path = Classes;
			sourceTree = "<group>";
		};
		ED4E013014AD2E000006E9F5 /* Images */ = {
			isa = PBXGroup;
			children = (
				ED4E013114AD2E000006E9F5 /* AlbumArtPlaceholder.png */,
				ED4E013214AD2E000006E9F5 /* AlbumArtPlaceholder@2x.png */,
				ED4E013314AD2E000006E9F5 /* AlbumArtPlaceholderLarge.png */,
				ED4E013414AD2E000006E9F5 /* AlbumArtPlaceholderLarge@2x.png */,
				ED4E013714AD2E000006E9F5 /* Albums.png */,
				ED4E013814AD2E000006E9F5 /* Albums@2x.png */,
				ED4E016114AE54610006E9F5 /* Playlists.png */,
				ED4E015714AE4EC20006E9F5 /* Playlists@2x.png */,
				ED4E015914AE53A90006E9F5 /* Songs.png */,
				ED4E015A14AE53A90006E9F5 /* Songs@2x.png */,
				ED4E015D14AE53EB0006E9F5 /* Artists.png */,
				ED4E015E14AE53EB0006E9F5 /* Artists@2x.png */,
			);
			path = Images;
			sourceTree = "<group>";
		};
		ED4E013914AD2E000006E9F5 /* Nibs */ = {
			isa = PBXGroup;
			children = (
				ED4E013A14AD2E000006E9F5 /* JGAlbumTrackTableViewCell.xib */,
				ED4E013B14AD2E000006E9F5 /* JGAlbumViewController.xib */,
				ED4E013C14AD2E000006E9F5 /* JGMediaQueryViewController.xib */,
			);
			path = Nibs;
			sourceTree = "<group>";
		};
/* End PBXGroup section */

/* Begin PBXNativeTarget section */
		ED4E010014AD2DC40006E9F5 /* JGMediaPickerDemo */ = {
			isa = PBXNativeTarget;
			buildConfigurationList = ED4E011F14AD2DC50006E9F5 /* Build configuration list for PBXNativeTarget "JGMediaPickerDemo" */;
			buildPhases = (
				ED4E00FD14AD2DC40006E9F5 /* Sources */,
				ED4E00FE14AD2DC40006E9F5 /* Frameworks */,
				ED4E00FF14AD2DC40006E9F5 /* Resources */,
			);
			buildRules = (
			);
			dependencies = (
			);
			name = JGMediaPickerDemo;
			productName = JGMediaPickerDemo;
			productReference = ED4E010114AD2DC40006E9F5 /* JGMediaPickerDemo.app */;
			productType = "com.apple.product-type.application";
		};
/* End PBXNativeTarget section */

/* Begin PBXProject section */
		ED4E00F814AD2DC40006E9F5 /* Project object */ = {
			isa = PBXProject;
			attributes = {
				LastUpgradeCheck = 0420;
			};
			buildConfigurationList = ED4E00FB14AD2DC40006E9F5 /* Build configuration list for PBXProject "JGMediaPickerDemo" */;
			compatibilityVersion = "Xcode 3.2";
			developmentRegion = English;
			hasScannedForEncodings = 0;
			knownRegions = (
				en,
			);
			mainGroup = ED4E00F614AD2DC40006E9F5;
			productRefGroup = ED4E010214AD2DC40006E9F5 /* Products */;
			projectDirPath = "";
			projectRoot = "";
			targets = (
				ED4E010014AD2DC40006E9F5 /* JGMediaPickerDemo */,
			);
		};
/* End PBXProject section */

/* Begin PBXResourcesBuildPhase section */
		ED4E00FF14AD2DC40006E9F5 /* Resources */ = {
			isa = PBXResourcesBuildPhase;
			buildActionMask = 2147483647;
			files = (
				ED4E011014AD2DC50006E9F5 /* InfoPlist.strings in Resources */,
				ED4E011C14AD2DC50006E9F5 /* ViewController.xib in Resources */,
				ED4E014314AD2E000006E9F5 /* AlbumArtPlaceholder.png in Resources */,
				ED4E014414AD2E000006E9F5 /* AlbumArtPlaceholder@2x.png in Resources */,
				ED4E014514AD2E000006E9F5 /* AlbumArtPlaceholderLarge.png in Resources */,
				ED4E014614AD2E000006E9F5 /* AlbumArtPlaceholderLarge@2x.png in Resources */,
				ED4E014914AD2E000006E9F5 /* Albums.png in Resources */,
				ED4E014A14AD2E000006E9F5 /* Albums@2x.png in Resources */,
				ED4E014B14AD2E000006E9F5 /* JGAlbumTrackTableViewCell.xib in Resources */,
				ED4E014C14AD2E000006E9F5 /* JGAlbumViewController.xib in Resources */,
				ED4E014D14AD2E000006E9F5 /* JGMediaQueryViewController.xib in Resources */,
				ED4E015814AE4EC20006E9F5 /* Playlists@2x.png in Resources */,
				ED4E015B14AE53A90006E9F5 /* Songs.png in Resources */,
				ED4E015C14AE53A90006E9F5 /* Songs@2x.png in Resources */,
				ED4E015F14AE53EB0006E9F5 /* Artists.png in Resources */,
				ED4E016014AE53EB0006E9F5 /* Artists@2x.png in Resources */,
				ED4E016214AE54610006E9F5 /* Playlists.png in Resources */,
			);
			runOnlyForDeploymentPostprocessing = 0;
		};
/* End PBXResourcesBuildPhase section */

/* Begin PBXSourcesBuildPhase section */
		ED4E00FD14AD2DC40006E9F5 /* Sources */ = {
			isa = PBXSourcesBuildPhase;
			buildActionMask = 2147483647;
			files = (
				ED4E011214AD2DC50006E9F5 /* main.m in Sources */,
				ED4E011614AD2DC50006E9F5 /* AppDelegate.m in Sources */,
				ED4E011914AD2DC50006E9F5 /* ViewController.m in Sources */,
				ED4E013D14AD2E000006E9F5 /* JGAlbumTrackTableViewCell.m in Sources */,
				ED4E013E14AD2E000006E9F5 /* JGAlbumViewController.m in Sources */,
				ED4E013F14AD2E000006E9F5 /* JGMediaPickerController.m in Sources */,
				ED4E014014AD2E000006E9F5 /* JGMediaQueryViewController.m in Sources */,
				ED4E014114AD2E000006E9F5 /* MPMediaItem+JGExtensions.m in Sources */,
				ED4E014214AD2E000006E9F5 /* MPMediaItemCollection+JGExtensions.m in Sources */,
				ED4E015214AE4B0E0006E9F5 /* MPMediaPlaylist+JGExtensions.m in Sources */,
			);
			runOnlyForDeploymentPostprocessing = 0;
		};
/* End PBXSourcesBuildPhase section */

/* Begin PBXVariantGroup section */
		ED4E010E14AD2DC50006E9F5 /* InfoPlist.strings */ = {
			isa = PBXVariantGroup;
			children = (
				ED4E010F14AD2DC50006E9F5 /* en */,
			);
			name = InfoPlist.strings;
			sourceTree = "<group>";
		};
		ED4E011A14AD2DC50006E9F5 /* ViewController.xib */ = {
			isa = PBXVariantGroup;
			children = (
				ED4E011B14AD2DC50006E9F5 /* en */,
			);
			name = ViewController.xib;
			sourceTree = "<group>";
		};
/* End PBXVariantGroup section */

/* Begin XCBuildConfiguration section */
		ED4E011D14AD2DC50006E9F5 /* Debug */ = {
			isa = XCBuildConfiguration;
			buildSettings = {
				ALWAYS_SEARCH_USER_PATHS = NO;
				ARCHS = "$(ARCHS_STANDARD_32_BIT)";
				"CODE_SIGN_IDENTITY[sdk=iphoneos*]" = "iPhone Developer";
				COPY_PHASE_STRIP = NO;
				GCC_C_LANGUAGE_STANDARD = gnu99;
				GCC_DYNAMIC_NO_PIC = NO;
				GCC_OPTIMIZATION_LEVEL = 0;
				GCC_PREPROCESSOR_DEFINITIONS = (
					"DEBUG=1",
					"$(inherited)",
				);
				GCC_SYMBOLS_PRIVATE_EXTERN = NO;
				GCC_VERSION = com.apple.compilers.llvm.clang.1_0;
				GCC_WARN_ABOUT_MISSING_PROTOTYPES = YES;
				GCC_WARN_ABOUT_RETURN_TYPE = YES;
				GCC_WARN_UNUSED_VARIABLE = YES;
				IPHONEOS_DEPLOYMENT_TARGET = 5.0;
				SDKROOT = iphoneos;
			};
			name = Debug;
		};
		ED4E011E14AD2DC50006E9F5 /* Release */ = {
			isa = XCBuildConfiguration;
			buildSettings = {
				ALWAYS_SEARCH_USER_PATHS = NO;
				ARCHS = "$(ARCHS_STANDARD_32_BIT)";
				"CODE_SIGN_IDENTITY[sdk=iphoneos*]" = "iPhone Developer";
				COPY_PHASE_STRIP = YES;
				GCC_C_LANGUAGE_STANDARD = gnu99;
				GCC_VERSION = com.apple.compilers.llvm.clang.1_0;
				GCC_WARN_ABOUT_MISSING_PROTOTYPES = YES;
				GCC_WARN_ABOUT_RETURN_TYPE = YES;
				GCC_WARN_UNUSED_VARIABLE = YES;
				IPHONEOS_DEPLOYMENT_TARGET = 5.0;
				OTHER_CFLAGS = "-DNS_BLOCK_ASSERTIONS=1";
				SDKROOT = iphoneos;
				VALIDATE_PRODUCT = YES;
			};
			name = Release;
		};
		ED4E012014AD2DC50006E9F5 /* Debug */ = {
			isa = XCBuildConfiguration;
			buildSettings = {
				GCC_PRECOMPILE_PREFIX_HEADER = YES;
				GCC_PREFIX_HEADER = "JGMediaPickerDemo/JGMediaPickerDemo-Prefix.pch";
				INFOPLIST_FILE = "JGMediaPickerDemo/JGMediaPickerDemo-Info.plist";
				PRODUCT_NAME = "$(TARGET_NAME)";
				WRAPPER_EXTENSION = app;
			};
			name = Debug;
		};
		ED4E012114AD2DC50006E9F5 /* Release */ = {
			isa = XCBuildConfiguration;
			buildSettings = {
				GCC_PRECOMPILE_PREFIX_HEADER = YES;
				GCC_PREFIX_HEADER = "JGMediaPickerDemo/JGMediaPickerDemo-Prefix.pch";
				INFOPLIST_FILE = "JGMediaPickerDemo/JGMediaPickerDemo-Info.plist";
				PRODUCT_NAME = "$(TARGET_NAME)";
				WRAPPER_EXTENSION = app;
			};
			name = Release;
		};
/* End XCBuildConfiguration section */

/* Begin XCConfigurationList section */
		ED4E00FB14AD2DC40006E9F5 /* Build configuration list for PBXProject "JGMediaPickerDemo" */ = {
			isa = XCConfigurationList;
			buildConfigurations = (
				ED4E011D14AD2DC50006E9F5 /* Debug */,
				ED4E011E14AD2DC50006E9F5 /* Release */,
			);
			defaultConfigurationIsVisible = 0;
			defaultConfigurationName = Release;
		};
		ED4E011F14AD2DC50006E9F5 /* Build configuration list for PBXNativeTarget "JGMediaPickerDemo" */ = {
			isa = XCConfigurationList;
			buildConfigurations = (
				ED4E012014AD2DC50006E9F5 /* Debug */,
				ED4E012114AD2DC50006E9F5 /* Release */,
			);
			defaultConfigurationIsVisible = 0;
			defaultConfigurationName = Release;
		};
/* End XCConfigurationList section */
	};
	rootObject = ED4E00F814AD2DC40006E9F5 /* Project object */;
}
